// !$*UTF8*$!
{
	archiveVersion = 1;
	classes = {
	};
	objectVersion = 56;
	objects = {

/* Begin PBXBuildFile section */
		0117478C2DACD48F001EBCF5 /* LoginViewController.swift in Sources */ = {isa = PBXBuildFile; fileRef = 011747872DACD48F001EBCF5 /* LoginViewController.swift */; };
		0117478D2DACD48F001EBCF5 /* CustomerTabView.swift in Sources */ = {isa = PBXBuildFile; fileRef = 0117477C2DACD48F001EBCF5 /* CustomerTabView.swift */; };
		0117478E2DACD48F001EBCF5 /* EditCustomerProfileView.swift in Sources */ = {isa = PBXBuildFile; fileRef = 0117477D2DACD48F001EBCF5 /* EditCustomerProfileView.swift */; };
		0117478F2DACD48F001EBCF5 /* AddMissions.swift in Sources */ = {isa = PBXBuildFile; fileRef = 011747732DACD48F001EBCF5 /* AddMissions.swift */; };
		011747902DACD48F001EBCF5 /* CustomerProfileView.swift in Sources */ = {isa = PBXBuildFile; fileRef = 0117477B2DACD48F001EBCF5 /* CustomerProfileView.swift */; };
		011747912DACD48F001EBCF5 /* EditMissionView.swift in Sources */ = {isa = PBXBuildFile; fileRef = 011747782DACD48F001EBCF5 /* EditMissionView.swift */; };
		011747922DACD48F001EBCF5 /* ExploreView.swift in Sources */ = {isa = PBXBuildFile; fileRef = 0117477E2DACD48F001EBCF5 /* ExploreView.swift */; };
		011747932DACD48F001EBCF5 /* BusinessSettingsView.swift in Sources */ = {isa = PBXBuildFile; fileRef = 011747752DACD48F001EBCF5 /* BusinessSettingsView.swift */; };
		011747942DACD48F001EBCF5 /* TermsAndConditionsView.swift in Sources */ = {isa = PBXBuildFile; fileRef = 011747892DACD48F001EBCF5 /* TermsAndConditionsView.swift */; };
		011747952DACD48F001EBCF5 /* MapView.swift in Sources */ = {isa = PBXBuildFile; fileRef = 0117477F2DACD48F001EBCF5 /* MapView.swift */; };
		011747962DACD48F001EBCF5 /* RedemptionView.swift in Sources */ = {isa = PBXBuildFile; fileRef = 011747792DACD48F001EBCF5 /* RedemptionView.swift */; };
		011747972DACD48F001EBCF5 /* LoginView.swift in Sources */ = {isa = PBXBuildFile; fileRef = 011747862DACD48F001EBCF5 /* LoginView.swift */; };
		011747982DACD48F001EBCF5 /* MissionDetailView.swift in Sources */ = {isa = PBXBuildFile; fileRef = 011747802DACD48F001EBCF5 /* MissionDetailView.swift */; };
		011747992DACD48F001EBCF5 /* ValidationExtensions.swift in Sources */ = {isa = PBXBuildFile; fileRef = 0117478A2DACD48F001EBCF5 /* ValidationExtensions.swift */; };
		0117479A2DACD48F001EBCF5 /* BusinessTabView.swift in Sources */ = {isa = PBXBuildFile; fileRef = 011747762DACD48F001EBCF5 /* BusinessTabView.swift */; };
		0117479B2DACD48F001EBCF5 /* EditBusinessSettingsView.swift in Sources */ = {isa = PBXBuildFile; fileRef = 011747772DACD48F001EBCF5 /* EditBusinessSettingsView.swift */; };
		0117479C2DACD48F001EBCF5 /* BusinessProfileView.swift in Sources */ = {isa = PBXBuildFile; fileRef = 011747742DACD48F001EBCF5 /* BusinessProfileView.swift */; };
		0117479D2DACD48F001EBCF5 /* MissionsView.swift in Sources */ = {isa = PBXBuildFile; fileRef = 011747812DACD48F001EBCF5 /* MissionsView.swift */; };
		0117479E2DACD48F001EBCF5 /* ContentView.swift in Sources */ = {isa = PBXBuildFile; fileRef = 011747842DACD48F001EBCF5 /* ContentView.swift */; };
		0117479F2DACD48F001EBCF5 /* SignUpView.swift in Sources */ = {isa = PBXBuildFile; fileRef = 011747882DACD48F001EBCF5 /* SignUpView.swift */; };
		011747A02DACD48F001EBCF5 /* ForgotPasswordView.swift in Sources */ = {isa = PBXBuildFile; fileRef = 011747852DACD48F001EBCF5 /* ForgotPasswordView.swift */; };
		011747A12DACD48F001EBCF5 /* CheckToggleboxStyle.swift in Sources */ = {isa = PBXBuildFile; fileRef = 011747832DACD48F001EBCF5 /* CheckToggleboxStyle.swift */; };
		011747A42DACD5CD001EBCF5 /* CodeScanner in Frameworks */ = {isa = PBXBuildFile; productRef = 011747A32DACD5CD001EBCF5 /* CodeScanner */; };
		01636E542D8A8E1E00ACC294 /* AppDelegate.swift in Sources */ = {isa = PBXBuildFile; fileRef = 01636E412D8A8E1E00ACC294 /* AppDelegate.swift */; };
		01636E582D8A8E3C00ACC294 /* SignUpViewController.swift in Sources */ = {isa = PBXBuildFile; fileRef = 01636E562D8A8E3C00ACC294 /* SignUpViewController.swift */; };
		01E621462D62EE1A00A75822 /* GoogleService-Info.plist in Resources */ = {isa = PBXBuildFile; fileRef = 01E621452D62EE1A00A75822 /* GoogleService-Info.plist */; };
		4B1F09502D50716400C143B0 /* Assets.xcassets in Resources */ = {isa = PBXBuildFile; fileRef = 4B1F094F2D50716400C143B0 /* Assets.xcassets */; };
		4B1F09532D50716400C143B0 /* Preview Assets.xcassets in Resources */ = {isa = PBXBuildFile; fileRef = 4B1F09522D50716400C143B0 /* Preview Assets.xcassets */; };
		4B1F09612D50744900C143B0 /* BiteBackApp.swift in Sources */ = {isa = PBXBuildFile; fileRef = 4B1F09602D50744900C143B0 /* BiteBackApp.swift */; };
		4BC8AF022D52A69400C66F15 /* FirebaseAnalytics in Frameworks */ = {isa = PBXBuildFile; productRef = 4BC8AF012D52A69400C66F15 /* FirebaseAnalytics */; };
		4BC8AF042D52A69400C66F15 /* FirebaseAnalyticsOnDeviceConversion in Frameworks */ = {isa = PBXBuildFile; productRef = 4BC8AF032D52A69400C66F15 /* FirebaseAnalyticsOnDeviceConversion */; };
		4BC8AF062D52A69400C66F15 /* FirebaseAnalyticsWithoutAdIdSupport in Frameworks */ = {isa = PBXBuildFile; productRef = 4BC8AF052D52A69400C66F15 /* FirebaseAnalyticsWithoutAdIdSupport */; };
		4BC8AF082D52A69400C66F15 /* FirebaseAppCheck in Frameworks */ = {isa = PBXBuildFile; productRef = 4BC8AF072D52A69400C66F15 /* FirebaseAppCheck */; };
		4BC8AF0A2D52A69400C66F15 /* FirebaseAppDistribution-Beta in Frameworks */ = {isa = PBXBuildFile; productRef = 4BC8AF092D52A69400C66F15 /* FirebaseAppDistribution-Beta */; };
		4BC8AF0C2D52A69400C66F15 /* FirebaseAuth in Frameworks */ = {isa = PBXBuildFile; productRef = 4BC8AF0B2D52A69400C66F15 /* FirebaseAuth */; };
		4BC8AF0E2D52A69400C66F15 /* FirebaseAuthCombine-Community in Frameworks */ = {isa = PBXBuildFile; productRef = 4BC8AF0D2D52A69400C66F15 /* FirebaseAuthCombine-Community */; };
		4BC8AF102D52A69400C66F15 /* FirebaseCore in Frameworks */ = {isa = PBXBuildFile; productRef = 4BC8AF0F2D52A69400C66F15 /* FirebaseCore */; };
		4BC8AF122D52A69400C66F15 /* FirebaseCrashlytics in Frameworks */ = {isa = PBXBuildFile; productRef = 4BC8AF112D52A69400C66F15 /* FirebaseCrashlytics */; };
		4BC8AF142D52A69400C66F15 /* FirebaseDatabase in Frameworks */ = {isa = PBXBuildFile; productRef = 4BC8AF132D52A69400C66F15 /* FirebaseDatabase */; };
		4BC8AF162D52A69400C66F15 /* FirebaseDynamicLinks in Frameworks */ = {isa = PBXBuildFile; productRef = 4BC8AF152D52A69400C66F15 /* FirebaseDynamicLinks */; };
		4BC8AF182D52A69400C66F15 /* FirebaseFirestore in Frameworks */ = {isa = PBXBuildFile; productRef = 4BC8AF172D52A69400C66F15 /* FirebaseFirestore */; };
		4BC8AF1A2D52A69400C66F15 /* FirebaseFirestoreCombine-Community in Frameworks */ = {isa = PBXBuildFile; productRef = 4BC8AF192D52A69400C66F15 /* FirebaseFirestoreCombine-Community */; };
		4BC8AF1C2D52A69400C66F15 /* FirebaseFunctions in Frameworks */ = {isa = PBXBuildFile; productRef = 4BC8AF1B2D52A69400C66F15 /* FirebaseFunctions */; };
		4BC8AF1E2D52A69400C66F15 /* FirebaseFunctionsCombine-Community in Frameworks */ = {isa = PBXBuildFile; productRef = 4BC8AF1D2D52A69400C66F15 /* FirebaseFunctionsCombine-Community */; };
		4BC8AF202D52A69400C66F15 /* FirebaseInAppMessaging-Beta in Frameworks */ = {isa = PBXBuildFile; productRef = 4BC8AF1F2D52A69400C66F15 /* FirebaseInAppMessaging-Beta */; };
		4BC8AF222D52A69400C66F15 /* FirebaseInstallations in Frameworks */ = {isa = PBXBuildFile; productRef = 4BC8AF212D52A69400C66F15 /* FirebaseInstallations */; };
		4BC8AF242D52A69400C66F15 /* FirebaseMLModelDownloader in Frameworks */ = {isa = PBXBuildFile; productRef = 4BC8AF232D52A69400C66F15 /* FirebaseMLModelDownloader */; };
		4BC8AF262D52A69400C66F15 /* FirebaseMessaging in Frameworks */ = {isa = PBXBuildFile; productRef = 4BC8AF252D52A69400C66F15 /* FirebaseMessaging */; };
		4BC8AF282D52A69400C66F15 /* FirebasePerformance in Frameworks */ = {isa = PBXBuildFile; productRef = 4BC8AF272D52A69400C66F15 /* FirebasePerformance */; };
		4BC8AF2A2D52A69400C66F15 /* FirebaseRemoteConfig in Frameworks */ = {isa = PBXBuildFile; productRef = 4BC8AF292D52A69400C66F15 /* FirebaseRemoteConfig */; };
		4BC8AF2C2D52A69400C66F15 /* FirebaseStorage in Frameworks */ = {isa = PBXBuildFile; productRef = 4BC8AF2B2D52A69400C66F15 /* FirebaseStorage */; };
		4BC8AF2E2D52A69400C66F15 /* FirebaseStorageCombine-Community in Frameworks */ = {isa = PBXBuildFile; productRef = 4BC8AF2D2D52A69400C66F15 /* FirebaseStorageCombine-Community */; };
		4BC8AF302D52A69400C66F15 /* FirebaseVertexAI in Frameworks */ = {isa = PBXBuildFile; productRef = 4BC8AF2F2D52A69400C66F15 /* FirebaseVertexAI */; };
/* End PBXBuildFile section */

/* Begin PBXFileReference section */
		011747732DACD48F001EBCF5 /* AddMissions.swift */ = {isa = PBXFileReference; lastKnownFileType = sourcecode.swift; path = AddMissions.swift; sourceTree = "<group>"; };
		011747742DACD48F001EBCF5 /* BusinessProfileView.swift */ = {isa = PBXFileReference; lastKnownFileType = sourcecode.swift; path = BusinessProfileView.swift; sourceTree = "<group>"; };
		011747752DACD48F001EBCF5 /* BusinessSettingsView.swift */ = {isa = PBXFileReference; lastKnownFileType = sourcecode.swift; path = BusinessSettingsView.swift; sourceTree = "<group>"; };
		011747762DACD48F001EBCF5 /* BusinessTabView.swift */ = {isa = PBXFileReference; lastKnownFileType = sourcecode.swift; path = BusinessTabView.swift; sourceTree = "<group>"; };
		011747772DACD48F001EBCF5 /* EditBusinessSettingsView.swift */ = {isa = PBXFileReference; lastKnownFileType = sourcecode.swift; path = EditBusinessSettingsView.swift; sourceTree = "<group>"; };
		011747782DACD48F001EBCF5 /* EditMissionView.swift */ = {isa = PBXFileReference; lastKnownFileType = sourcecode.swift; path = EditMissionView.swift; sourceTree = "<group>"; };
		011747792DACD48F001EBCF5 /* RedemptionView.swift */ = {isa = PBXFileReference; lastKnownFileType = sourcecode.swift; path = RedemptionView.swift; sourceTree = "<group>"; };
		0117477B2DACD48F001EBCF5 /* CustomerProfileView.swift */ = {isa = PBXFileReference; lastKnownFileType = sourcecode.swift; path = CustomerProfileView.swift; sourceTree = "<group>"; };
		0117477C2DACD48F001EBCF5 /* CustomerTabView.swift */ = {isa = PBXFileReference; lastKnownFileType = sourcecode.swift; path = CustomerTabView.swift; sourceTree = "<group>"; };
		0117477D2DACD48F001EBCF5 /* EditCustomerProfileView.swift */ = {isa = PBXFileReference; lastKnownFileType = sourcecode.swift; path = EditCustomerProfileView.swift; sourceTree = "<group>"; };
		0117477E2DACD48F001EBCF5 /* ExploreView.swift */ = {isa = PBXFileReference; lastKnownFileType = sourcecode.swift; path = ExploreView.swift; sourceTree = "<group>"; };
		0117477F2DACD48F001EBCF5 /* MapView.swift */ = {isa = PBXFileReference; lastKnownFileType = sourcecode.swift; path = MapView.swift; sourceTree = "<group>"; };
		011747802DACD48F001EBCF5 /* MissionDetailView.swift */ = {isa = PBXFileReference; lastKnownFileType = sourcecode.swift; path = MissionDetailView.swift; sourceTree = "<group>"; };
		011747812DACD48F001EBCF5 /* MissionsView.swift */ = {isa = PBXFileReference; lastKnownFileType = sourcecode.swift; path = MissionsView.swift; sourceTree = "<group>"; };
		011747832DACD48F001EBCF5 /* CheckToggleboxStyle.swift */ = {isa = PBXFileReference; lastKnownFileType = sourcecode.swift; path = CheckToggleboxStyle.swift; sourceTree = "<group>"; };
		011747842DACD48F001EBCF5 /* ContentView.swift */ = {isa = PBXFileReference; lastKnownFileType = sourcecode.swift; path = ContentView.swift; sourceTree = "<group>"; };
		011747852DACD48F001EBCF5 /* ForgotPasswordView.swift */ = {isa = PBXFileReference; lastKnownFileType = sourcecode.swift; path = ForgotPasswordView.swift; sourceTree = "<group>"; };
		011747862DACD48F001EBCF5 /* LoginView.swift */ = {isa = PBXFileReference; lastKnownFileType = sourcecode.swift; path = LoginView.swift; sourceTree = "<group>"; };
		011747872DACD48F001EBCF5 /* LoginViewController.swift */ = {isa = PBXFileReference; lastKnownFileType = sourcecode.swift; path = LoginViewController.swift; sourceTree = "<group>"; };
		011747882DACD48F001EBCF5 /* SignUpView.swift */ = {isa = PBXFileReference; lastKnownFileType = sourcecode.swift; path = SignUpView.swift; sourceTree = "<group>"; };
		011747892DACD48F001EBCF5 /* TermsAndConditionsView.swift */ = {isa = PBXFileReference; lastKnownFileType = sourcecode.swift; path = TermsAndConditionsView.swift; sourceTree = "<group>"; };
		0117478A2DACD48F001EBCF5 /* ValidationExtensions.swift */ = {isa = PBXFileReference; lastKnownFileType = sourcecode.swift; path = ValidationExtensions.swift; sourceTree = "<group>"; };
		01636E412D8A8E1E00ACC294 /* AppDelegate.swift */ = {isa = PBXFileReference; lastKnownFileType = sourcecode.swift; path = AppDelegate.swift; sourceTree = "<group>"; };
		01636E562D8A8E3C00ACC294 /* SignUpViewController.swift */ = {isa = PBXFileReference; lastKnownFileType = sourcecode.swift; path = SignUpViewController.swift; sourceTree = "<group>"; };
		01E621452D62EE1A00A75822 /* GoogleService-Info.plist */ = {isa = PBXFileReference; lastKnownFileType = text.plist.xml; path = "GoogleService-Info.plist"; sourceTree = "<group>"; };
		4B1F09482D50716300C143B0 /* BiteBack.app */ = {isa = PBXFileReference; explicitFileType = wrapper.application; includeInIndex = 0; path = BiteBack.app; sourceTree = BUILT_PRODUCTS_DIR; };
		4B1F094F2D50716400C143B0 /* Assets.xcassets */ = {isa = PBXFileReference; lastKnownFileType = folder.assetcatalog; path = Assets.xcassets; sourceTree = "<group>"; };
		4B1F09522D50716400C143B0 /* Preview Assets.xcassets */ = {isa = PBXFileReference; lastKnownFileType = folder.assetcatalog; path = "Preview Assets.xcassets"; sourceTree = "<group>"; };
		4B1F095F2D50744800C143B0 /* BiteBack-Bridging-Header.h */ = {isa = PBXFileReference; lastKnownFileType = sourcecode.c.h; path = "BiteBack-Bridging-Header.h"; sourceTree = "<group>"; };
		4B1F09602D50744900C143B0 /* BiteBackApp.swift */ = {isa = PBXFileReference; lastKnownFileType = sourcecode.swift; path = BiteBackApp.swift; sourceTree = "<group>"; };
/* End PBXFileReference section */

/* Begin PBXFrameworksBuildPhase section */
		4B1F09452D50716300C143B0 /* Frameworks */ = {
			isa = PBXFrameworksBuildPhase;
			buildActionMask = 2147483647;
			files = (
				4BC8AF1A2D52A69400C66F15 /* FirebaseFirestoreCombine-Community in Frameworks */,
				4BC8AF302D52A69400C66F15 /* FirebaseVertexAI in Frameworks */,
				4BC8AF1C2D52A69400C66F15 /* FirebaseFunctions in Frameworks */,
				4BC8AF282D52A69400C66F15 /* FirebasePerformance in Frameworks */,
				4BC8AF2E2D52A69400C66F15 /* FirebaseStorageCombine-Community in Frameworks */,
				4BC8AF2A2D52A69400C66F15 /* FirebaseRemoteConfig in Frameworks */,
				4BC8AF142D52A69400C66F15 /* FirebaseDatabase in Frameworks */,
				4BC8AF162D52A69400C66F15 /* FirebaseDynamicLinks in Frameworks */,
				4BC8AF082D52A69400C66F15 /* FirebaseAppCheck in Frameworks */,
				4BC8AF0C2D52A69400C66F15 /* FirebaseAuth in Frameworks */,
				4BC8AF022D52A69400C66F15 /* FirebaseAnalytics in Frameworks */,
				4BC8AF182D52A69400C66F15 /* FirebaseFirestore in Frameworks */,
				4BC8AF262D52A69400C66F15 /* FirebaseMessaging in Frameworks */,
				4BC8AF222D52A69400C66F15 /* FirebaseInstallations in Frameworks */,
				4BC8AF1E2D52A69400C66F15 /* FirebaseFunctionsCombine-Community in Frameworks */,
				4BC8AF0A2D52A69400C66F15 /* FirebaseAppDistribution-Beta in Frameworks */,
				4BC8AF062D52A69400C66F15 /* FirebaseAnalyticsWithoutAdIdSupport in Frameworks */,
				4BC8AF202D52A69400C66F15 /* FirebaseInAppMessaging-Beta in Frameworks */,
				4BC8AF0E2D52A69400C66F15 /* FirebaseAuthCombine-Community in Frameworks */,
				4BC8AF122D52A69400C66F15 /* FirebaseCrashlytics in Frameworks */,
				4BC8AF242D52A69400C66F15 /* FirebaseMLModelDownloader in Frameworks */,
				4BC8AF2C2D52A69400C66F15 /* FirebaseStorage in Frameworks */,
				4BC8AF102D52A69400C66F15 /* FirebaseCore in Frameworks */,
				4BC8AF042D52A69400C66F15 /* FirebaseAnalyticsOnDeviceConversion in Frameworks */,
				011747A42DACD5CD001EBCF5 /* CodeScanner in Frameworks */,
			);
			runOnlyForDeploymentPostprocessing = 0;
		};
/* End PBXFrameworksBuildPhase section */

/* Begin PBXGroup section */
		0117477A2DACD48F001EBCF5 /* Business 2 */ = {
			isa = PBXGroup;
			children = (
				011747732DACD48F001EBCF5 /* AddMissions.swift */,
				011747742DACD48F001EBCF5 /* BusinessProfileView.swift */,
				011747752DACD48F001EBCF5 /* BusinessSettingsView.swift */,
				011747762DACD48F001EBCF5 /* BusinessTabView.swift */,
				011747772DACD48F001EBCF5 /* EditBusinessSettingsView.swift */,
				011747782DACD48F001EBCF5 /* EditMissionView.swift */,
				011747792DACD48F001EBCF5 /* RedemptionView.swift */,
			);
			path = "Business 2";
			sourceTree = "<group>";
		};
		011747822DACD48F001EBCF5 /* Customer 2 */ = {
			isa = PBXGroup;
			children = (
				0117477B2DACD48F001EBCF5 /* CustomerProfileView.swift */,
				0117477C2DACD48F001EBCF5 /* CustomerTabView.swift */,
				0117477D2DACD48F001EBCF5 /* EditCustomerProfileView.swift */,
				0117477E2DACD48F001EBCF5 /* ExploreView.swift */,
				0117477F2DACD48F001EBCF5 /* MapView.swift */,
				011747802DACD48F001EBCF5 /* MissionDetailView.swift */,
				011747812DACD48F001EBCF5 /* MissionsView.swift */,
			);
			path = "Customer 2";
			sourceTree = "<group>";
		};
		0117478B2DACD48F001EBCF5 /* Login 2 */ = {
			isa = PBXGroup;
			children = (
				011747832DACD48F001EBCF5 /* CheckToggleboxStyle.swift */,
				011747842DACD48F001EBCF5 /* ContentView.swift */,
				011747852DACD48F001EBCF5 /* ForgotPasswordView.swift */,
				011747862DACD48F001EBCF5 /* LoginView.swift */,
				011747872DACD48F001EBCF5 /* LoginViewController.swift */,
				011747882DACD48F001EBCF5 /* SignUpView.swift */,
				011747892DACD48F001EBCF5 /* TermsAndConditionsView.swift */,
				0117478A2DACD48F001EBCF5 /* ValidationExtensions.swift */,
			);
			path = "Login 2";
			sourceTree = "<group>";
		};
		4B1F093F2D50716300C143B0 = {
			isa = PBXGroup;
			children = (
				4B1F094A2D50716300C143B0 /* BiteBack */,
				4B1F09492D50716300C143B0 /* Products */,
			);
			sourceTree = "<group>";
		};
		4B1F09492D50716300C143B0 /* Products */ = {
			isa = PBXGroup;
			children = (
				4B1F09482D50716300C143B0 /* BiteBack.app */,
			);
			name = Products;
			sourceTree = "<group>";
		};
		4B1F094A2D50716300C143B0 /* BiteBack */ = {
			isa = PBXGroup;
			children = (
				0117477A2DACD48F001EBCF5 /* Business 2 */,
				011747822DACD48F001EBCF5 /* Customer 2 */,
				0117478B2DACD48F001EBCF5 /* Login 2 */,
				01636E562D8A8E3C00ACC294 /* SignUpViewController.swift */,
				01636E412D8A8E1E00ACC294 /* AppDelegate.swift */,
				4B1F094F2D50716400C143B0 /* Assets.xcassets */,
				4B1F09512D50716400C143B0 /* Preview Content */,
				4B1F09602D50744900C143B0 /* BiteBackApp.swift */,
				4B1F095F2D50744800C143B0 /* BiteBack-Bridging-Header.h */,
				01E621452D62EE1A00A75822 /* GoogleService-Info.plist */,
			);
			path = BiteBack;
			sourceTree = "<group>";
		};
		4B1F09512D50716400C143B0 /* Preview Content */ = {
			isa = PBXGroup;
			children = (
				4B1F09522D50716400C143B0 /* Preview Assets.xcassets */,
			);
			path = "Preview Content";
			sourceTree = "<group>";
		};
/* End PBXGroup section */

/* Begin PBXNativeTarget section */
		4B1F09472D50716300C143B0 /* BiteBack */ = {
			isa = PBXNativeTarget;
			buildConfigurationList = 4B1F09562D50716400C143B0 /* Build configuration list for PBXNativeTarget "BiteBack" */;
			buildPhases = (
				4B1F09442D50716300C143B0 /* Sources */,
				4B1F09452D50716300C143B0 /* Frameworks */,
				4B1F09462D50716300C143B0 /* Resources */,
			);
			buildRules = (
			);
			dependencies = (
			);
			name = BiteBack;
			packageProductDependencies = (
				4BC8AF012D52A69400C66F15 /* FirebaseAnalytics */,
				4BC8AF032D52A69400C66F15 /* FirebaseAnalyticsOnDeviceConversion */,
				4BC8AF052D52A69400C66F15 /* FirebaseAnalyticsWithoutAdIdSupport */,
				4BC8AF072D52A69400C66F15 /* FirebaseAppCheck */,
				4BC8AF092D52A69400C66F15 /* FirebaseAppDistribution-Beta */,
				4BC8AF0B2D52A69400C66F15 /* FirebaseAuth */,
				4BC8AF0D2D52A69400C66F15 /* FirebaseAuthCombine-Community */,
				4BC8AF0F2D52A69400C66F15 /* FirebaseCore */,
				4BC8AF112D52A69400C66F15 /* FirebaseCrashlytics */,
				4BC8AF132D52A69400C66F15 /* FirebaseDatabase */,
				4BC8AF152D52A69400C66F15 /* FirebaseDynamicLinks */,
				4BC8AF172D52A69400C66F15 /* FirebaseFirestore */,
				4BC8AF192D52A69400C66F15 /* FirebaseFirestoreCombine-Community */,
				4BC8AF1B2D52A69400C66F15 /* FirebaseFunctions */,
				4BC8AF1D2D52A69400C66F15 /* FirebaseFunctionsCombine-Community */,
				4BC8AF1F2D52A69400C66F15 /* FirebaseInAppMessaging-Beta */,
				4BC8AF212D52A69400C66F15 /* FirebaseInstallations */,
				4BC8AF232D52A69400C66F15 /* FirebaseMLModelDownloader */,
				4BC8AF252D52A69400C66F15 /* FirebaseMessaging */,
				4BC8AF272D52A69400C66F15 /* FirebasePerformance */,
				4BC8AF292D52A69400C66F15 /* FirebaseRemoteConfig */,
				4BC8AF2B2D52A69400C66F15 /* FirebaseStorage */,
				4BC8AF2D2D52A69400C66F15 /* FirebaseStorageCombine-Community */,
				4BC8AF2F2D52A69400C66F15 /* FirebaseVertexAI */,
				011747A32DACD5CD001EBCF5 /* CodeScanner */,
			);
			productName = BiteBack;
			productReference = 4B1F09482D50716300C143B0 /* BiteBack.app */;
			productType = "com.apple.product-type.application";
		};
/* End PBXNativeTarget section */

/* Begin PBXProject section */
		4B1F09402D50716300C143B0 /* Project object */ = {
			isa = PBXProject;
			attributes = {
				BuildIndependentTargetsInParallel = 1;
				LastSwiftUpdateCheck = 1520;
				LastUpgradeCheck = 1520;
				TargetAttributes = {
					4B1F09472D50716300C143B0 = {
						CreatedOnToolsVersion = 15.2;
						LastSwiftMigration = 1520;
					};
				};
			};
			buildConfigurationList = 4B1F09432D50716300C143B0 /* Build configuration list for PBXProject "BiteBack" */;
			compatibilityVersion = "Xcode 14.0";
			developmentRegion = en;
			hasScannedForEncodings = 0;
			knownRegions = (
				en,
				Base,
			);
			mainGroup = 4B1F093F2D50716300C143B0;
			packageReferences = (
				4BC8AF002D52A69400C66F15 /* XCRemoteSwiftPackageReference "firebase-ios-sdk" */,
				011747A22DACD5CD001EBCF5 /* XCRemoteSwiftPackageReference "CodeScanner" */,
			);
			productRefGroup = 4B1F09492D50716300C143B0 /* Products */;
			projectDirPath = "";
			projectRoot = "";
			targets = (
				4B1F09472D50716300C143B0 /* BiteBack */,
			);
		};
/* End PBXProject section */

/* Begin PBXResourcesBuildPhase section */
		4B1F09462D50716300C143B0 /* Resources */ = {
			isa = PBXResourcesBuildPhase;
			buildActionMask = 2147483647;
			files = (
				4B1F09532D50716400C143B0 /* Preview Assets.xcassets in Resources */,
				4B1F09502D50716400C143B0 /* Assets.xcassets in Resources */,
				01E621462D62EE1A00A75822 /* GoogleService-Info.plist in Resources */,
			);
			runOnlyForDeploymentPostprocessing = 0;
		};
/* End PBXResourcesBuildPhase section */

/* Begin PBXSourcesBuildPhase section */
		4B1F09442D50716300C143B0 /* Sources */ = {
			isa = PBXSourcesBuildPhase;
			buildActionMask = 2147483647;
			files = (
				01636E542D8A8E1E00ACC294 /* AppDelegate.swift in Sources */,
				01636E582D8A8E3C00ACC294 /* SignUpViewController.swift in Sources */,
				0117478C2DACD48F001EBCF5 /* LoginViewController.swift in Sources */,
				0117478D2DACD48F001EBCF5 /* CustomerTabView.swift in Sources */,
				0117478E2DACD48F001EBCF5 /* EditCustomerProfileView.swift in Sources */,
				0117478F2DACD48F001EBCF5 /* AddMissions.swift in Sources */,
				011747902DACD48F001EBCF5 /* CustomerProfileView.swift in Sources */,
				011747912DACD48F001EBCF5 /* EditMissionView.swift in Sources */,
				011747922DACD48F001EBCF5 /* ExploreView.swift in Sources */,
				011747932DACD48F001EBCF5 /* BusinessSettingsView.swift in Sources */,
				011747942DACD48F001EBCF5 /* TermsAndConditionsView.swift in Sources */,
				011747952DACD48F001EBCF5 /* MapView.swift in Sources */,
				011747962DACD48F001EBCF5 /* RedemptionView.swift in Sources */,
				011747972DACD48F001EBCF5 /* LoginView.swift in Sources */,
				011747982DACD48F001EBCF5 /* MissionDetailView.swift in Sources */,
				011747992DACD48F001EBCF5 /* ValidationExtensions.swift in Sources */,
				0117479A2DACD48F001EBCF5 /* BusinessTabView.swift in Sources */,
				0117479B2DACD48F001EBCF5 /* EditBusinessSettingsView.swift in Sources */,
				0117479C2DACD48F001EBCF5 /* BusinessProfileView.swift in Sources */,
				0117479D2DACD48F001EBCF5 /* MissionsView.swift in Sources */,
				0117479E2DACD48F001EBCF5 /* ContentView.swift in Sources */,
				0117479F2DACD48F001EBCF5 /* SignUpView.swift in Sources */,
				011747A02DACD48F001EBCF5 /* ForgotPasswordView.swift in Sources */,
				011747A12DACD48F001EBCF5 /* CheckToggleboxStyle.swift in Sources */,
				4B1F09612D50744900C143B0 /* BiteBackApp.swift in Sources */,
			);
			runOnlyForDeploymentPostprocessing = 0;
		};
/* End PBXSourcesBuildPhase section */

/* Begin XCBuildConfiguration section */
		4B1F09542D50716400C143B0 /* Debug */ = {
			isa = XCBuildConfiguration;
			buildSettings = {
				ALWAYS_SEARCH_USER_PATHS = NO;
				ASSETCATALOG_COMPILER_GENERATE_SWIFT_ASSET_SYMBOL_EXTENSIONS = YES;
				CLANG_ANALYZER_NONNULL = YES;
				CLANG_ANALYZER_NUMBER_OBJECT_CONVERSION = YES_AGGRESSIVE;
				CLANG_CXX_LANGUAGE_STANDARD = "gnu++20";
				CLANG_ENABLE_MODULES = YES;
				CLANG_ENABLE_OBJC_ARC = YES;
				CLANG_ENABLE_OBJC_WEAK = YES;
				CLANG_WARN_BLOCK_CAPTURE_AUTORELEASING = YES;
				CLANG_WARN_BOOL_CONVERSION = YES;
				CLANG_WARN_COMMA = YES;
				CLANG_WARN_CONSTANT_CONVERSION = YES;
				CLANG_WARN_DEPRECATED_OBJC_IMPLEMENTATIONS = YES;
				CLANG_WARN_DIRECT_OBJC_ISA_USAGE = YES_ERROR;
				CLANG_WARN_DOCUMENTATION_COMMENTS = YES;
				CLANG_WARN_EMPTY_BODY = YES;
				CLANG_WARN_ENUM_CONVERSION = YES;
				CLANG_WARN_INFINITE_RECURSION = YES;
				CLANG_WARN_INT_CONVERSION = YES;
				CLANG_WARN_NON_LITERAL_NULL_CONVERSION = YES;
				CLANG_WARN_OBJC_IMPLICIT_RETAIN_SELF = YES;
				CLANG_WARN_OBJC_LITERAL_CONVERSION = YES;
				CLANG_WARN_OBJC_ROOT_CLASS = YES_ERROR;
				CLANG_WARN_QUOTED_INCLUDE_IN_FRAMEWORK_HEADER = YES;
				CLANG_WARN_RANGE_LOOP_ANALYSIS = YES;
				CLANG_WARN_STRICT_PROTOTYPES = YES;
				CLANG_WARN_SUSPICIOUS_MOVE = YES;
				CLANG_WARN_UNGUARDED_AVAILABILITY = YES_AGGRESSIVE;
				CLANG_WARN_UNREACHABLE_CODE = YES;
				CLANG_WARN__DUPLICATE_METHOD_MATCH = YES;
				COPY_PHASE_STRIP = NO;
				DEBUG_INFORMATION_FORMAT = dwarf;
				ENABLE_STRICT_OBJC_MSGSEND = YES;
				ENABLE_TESTABILITY = YES;
				ENABLE_USER_SCRIPT_SANDBOXING = YES;
				GCC_C_LANGUAGE_STANDARD = gnu17;
				GCC_DYNAMIC_NO_PIC = NO;
				GCC_NO_COMMON_BLOCKS = YES;
				GCC_OPTIMIZATION_LEVEL = 0;
				GCC_PREPROCESSOR_DEFINITIONS = (
					"DEBUG=1",
					"$(inherited)",
				);
				GCC_WARN_64_TO_32_BIT_CONVERSION = YES;
				GCC_WARN_ABOUT_RETURN_TYPE = YES_ERROR;
				GCC_WARN_UNDECLARED_SELECTOR = YES;
				GCC_WARN_UNINITIALIZED_AUTOS = YES_AGGRESSIVE;
				GCC_WARN_UNUSED_FUNCTION = YES;
				GCC_WARN_UNUSED_VARIABLE = YES;
				IPHONEOS_DEPLOYMENT_TARGET = 17.2;
				LOCALIZATION_PREFERS_STRING_CATALOGS = YES;
				MTL_ENABLE_DEBUG_INFO = INCLUDE_SOURCE;
				MTL_FAST_MATH = YES;
				ONLY_ACTIVE_ARCH = YES;
				SDKROOT = iphoneos;
				SWIFT_ACTIVE_COMPILATION_CONDITIONS = "DEBUG $(inherited)";
				SWIFT_OPTIMIZATION_LEVEL = "-Onone";
			};
			name = Debug;
		};
		4B1F09552D50716400C143B0 /* Release */ = {
			isa = XCBuildConfiguration;
			buildSettings = {
				ALWAYS_SEARCH_USER_PATHS = NO;
				ASSETCATALOG_COMPILER_GENERATE_SWIFT_ASSET_SYMBOL_EXTENSIONS = YES;
				CLANG_ANALYZER_NONNULL = YES;
				CLANG_ANALYZER_NUMBER_OBJECT_CONVERSION = YES_AGGRESSIVE;
				CLANG_CXX_LANGUAGE_STANDARD = "gnu++20";
				CLANG_ENABLE_MODULES = YES;
				CLANG_ENABLE_OBJC_ARC = YES;
				CLANG_ENABLE_OBJC_WEAK = YES;
				CLANG_WARN_BLOCK_CAPTURE_AUTORELEASING = YES;
				CLANG_WARN_BOOL_CONVERSION = YES;
				CLANG_WARN_COMMA = YES;
				CLANG_WARN_CONSTANT_CONVERSION = YES;
				CLANG_WARN_DEPRECATED_OBJC_IMPLEMENTATIONS = YES;
				CLANG_WARN_DIRECT_OBJC_ISA_USAGE = YES_ERROR;
				CLANG_WARN_DOCUMENTATION_COMMENTS = YES;
				CLANG_WARN_EMPTY_BODY = YES;
				CLANG_WARN_ENUM_CONVERSION = YES;
				CLANG_WARN_INFINITE_RECURSION = YES;
				CLANG_WARN_INT_CONVERSION = YES;
				CLANG_WARN_NON_LITERAL_NULL_CONVERSION = YES;
				CLANG_WARN_OBJC_IMPLICIT_RETAIN_SELF = YES;
				CLANG_WARN_OBJC_LITERAL_CONVERSION = YES;
				CLANG_WARN_OBJC_ROOT_CLASS = YES_ERROR;
				CLANG_WARN_QUOTED_INCLUDE_IN_FRAMEWORK_HEADER = YES;
				CLANG_WARN_RANGE_LOOP_ANALYSIS = YES;
				CLANG_WARN_STRICT_PROTOTYPES = YES;
				CLANG_WARN_SUSPICIOUS_MOVE = YES;
				CLANG_WARN_UNGUARDED_AVAILABILITY = YES_AGGRESSIVE;
				CLANG_WARN_UNREACHABLE_CODE = YES;
				CLANG_WARN__DUPLICATE_METHOD_MATCH = YES;
				COPY_PHASE_STRIP = NO;
				DEBUG_INFORMATION_FORMAT = "dwarf-with-dsym";
				ENABLE_NS_ASSERTIONS = NO;
				ENABLE_STRICT_OBJC_MSGSEND = YES;
				ENABLE_USER_SCRIPT_SANDBOXING = YES;
				GCC_C_LANGUAGE_STANDARD = gnu17;
				GCC_NO_COMMON_BLOCKS = YES;
				GCC_WARN_64_TO_32_BIT_CONVERSION = YES;
				GCC_WARN_ABOUT_RETURN_TYPE = YES_ERROR;
				GCC_WARN_UNDECLARED_SELECTOR = YES;
				GCC_WARN_UNINITIALIZED_AUTOS = YES_AGGRESSIVE;
				GCC_WARN_UNUSED_FUNCTION = YES;
				GCC_WARN_UNUSED_VARIABLE = YES;
				IPHONEOS_DEPLOYMENT_TARGET = 17.2;
				LOCALIZATION_PREFERS_STRING_CATALOGS = YES;
				MTL_ENABLE_DEBUG_INFO = NO;
				MTL_FAST_MATH = YES;
				SDKROOT = iphoneos;
				SWIFT_COMPILATION_MODE = wholemodule;
				VALIDATE_PRODUCT = YES;
			};
			name = Release;
		};
		4B1F09572D50716400C143B0 /* Debug */ = {
			isa = XCBuildConfiguration;
			buildSettings = {
				ASSETCATALOG_COMPILER_APPICON_NAME = AppIcon;
				ASSETCATALOG_COMPILER_GLOBAL_ACCENT_COLOR_NAME = AccentColor;
				CLANG_ENABLE_MODULES = YES;
				CODE_SIGN_STYLE = Automatic;
				CURRENT_PROJECT_VERSION = 1;
				DEVELOPMENT_ASSET_PATHS = "\"BiteBack/Preview Content\"";
				DEVELOPMENT_TEAM = FLB323CGJ3;
				ENABLE_PREVIEWS = YES;
				GENERATE_INFOPLIST_FILE = YES;
				INFOPLIST_KEY_UIApplicationSceneManifest_Generation = YES;
				INFOPLIST_KEY_UIApplicationSupportsIndirectInputEvents = YES;
				INFOPLIST_KEY_UILaunchScreen_Generation = YES;
				INFOPLIST_KEY_UISupportedInterfaceOrientations_iPad = "UIInterfaceOrientationPortrait UIInterfaceOrientationPortraitUpsideDown UIInterfaceOrientationLandscapeLeft UIInterfaceOrientationLandscapeRight";
				INFOPLIST_KEY_UISupportedInterfaceOrientations_iPhone = "UIInterfaceOrientationPortrait UIInterfaceOrientationLandscapeLeft UIInterfaceOrientationLandscapeRight";
				LD_RUNPATH_SEARCH_PATHS = (
					"$(inherited)",
					"@executable_path/Frameworks",
				);
				MARKETING_VERSION = 1.0;
				PRODUCT_BUNDLE_IDENTIFIER = "com.brian-shon.biteback.BiteBack";
				PRODUCT_NAME = "$(TARGET_NAME)";
				SWIFT_EMIT_LOC_STRINGS = YES;
				SWIFT_OBJC_BRIDGING_HEADER = "BiteBack/BiteBack-Bridging-Header.h";
				SWIFT_OPTIMIZATION_LEVEL = "-Onone";
				SWIFT_VERSION = 5.0;
				TARGETED_DEVICE_FAMILY = "1,2";
			};
			name = Debug;
		};
		4B1F09582D50716400C143B0 /* Release */ = {
			isa = XCBuildConfiguration;
			buildSettings = {
				ASSETCATALOG_COMPILER_APPICON_NAME = AppIcon;
				ASSETCATALOG_COMPILER_GLOBAL_ACCENT_COLOR_NAME = AccentColor;
				CLANG_ENABLE_MODULES = YES;
				CODE_SIGN_STYLE = Automatic;
				CURRENT_PROJECT_VERSION = 1;
				DEVELOPMENT_ASSET_PATHS = "\"BiteBack/Preview Content\"";
				DEVELOPMENT_TEAM = FLB323CGJ3;
				ENABLE_PREVIEWS = YES;
				GENERATE_INFOPLIST_FILE = YES;
				INFOPLIST_KEY_UIApplicationSceneManifest_Generation = YES;
				INFOPLIST_KEY_UIApplicationSupportsIndirectInputEvents = YES;
				INFOPLIST_KEY_UILaunchScreen_Generation = YES;
				INFOPLIST_KEY_UISupportedInterfaceOrientations_iPad = "UIInterfaceOrientationPortrait UIInterfaceOrientationPortraitUpsideDown UIInterfaceOrientationLandscapeLeft UIInterfaceOrientationLandscapeRight";
				INFOPLIST_KEY_UISupportedInterfaceOrientations_iPhone = "UIInterfaceOrientationPortrait UIInterfaceOrientationLandscapeLeft UIInterfaceOrientationLandscapeRight";
				LD_RUNPATH_SEARCH_PATHS = (
					"$(inherited)",
					"@executable_path/Frameworks",
				);
				MARKETING_VERSION = 1.0;
				PRODUCT_BUNDLE_IDENTIFIER = "com.brian-shon.biteback.BiteBack";
				PRODUCT_NAME = "$(TARGET_NAME)";
				SWIFT_EMIT_LOC_STRINGS = YES;
				SWIFT_OBJC_BRIDGING_HEADER = "BiteBack/BiteBack-Bridging-Header.h";
				SWIFT_VERSION = 5.0;
				TARGETED_DEVICE_FAMILY = "1,2";
			};
			name = Release;
		};
/* End XCBuildConfiguration section */

/* Begin XCConfigurationList section */
		4B1F09432D50716300C143B0 /* Build configuration list for PBXProject "BiteBack" */ = {
			isa = XCConfigurationList;
			buildConfigurations = (
				4B1F09542D50716400C143B0 /* Debug */,
				4B1F09552D50716400C143B0 /* Release */,
			);
			defaultConfigurationIsVisible = 0;
			defaultConfigurationName = Release;
		};
		4B1F09562D50716400C143B0 /* Build configuration list for PBXNativeTarget "BiteBack" */ = {
			isa = XCConfigurationList;
			buildConfigurations = (
				4B1F09572D50716400C143B0 /* Debug */,
				4B1F09582D50716400C143B0 /* Release */,
			);
			defaultConfigurationIsVisible = 0;
			defaultConfigurationName = Release;
		};
/* End XCConfigurationList section */

/* Begin XCRemoteSwiftPackageReference section */
		011747A22DACD5CD001EBCF5 /* XCRemoteSwiftPackageReference "CodeScanner" */ = {
			isa = XCRemoteSwiftPackageReference;
			repositoryURL = "https://github.com/twostraws/CodeScanner";
			requirement = {
				kind = upToNextMajorVersion;
				minimumVersion = 2.5.2;
			};
		};
		4BC8AF002D52A69400C66F15 /* XCRemoteSwiftPackageReference "firebase-ios-sdk" */ = {
			isa = XCRemoteSwiftPackageReference;
			repositoryURL = "https://github.com/firebase/firebase-ios-sdk";
			requirement = {
				kind = upToNextMajorVersion;
				minimumVersion = 11.8.0;
			};
		};
/* End XCRemoteSwiftPackageReference section */

/* Begin XCSwiftPackageProductDependency section */
		011747A32DACD5CD001EBCF5 /* CodeScanner */ = {
			isa = XCSwiftPackageProductDependency;
			package = 011747A22DACD5CD001EBCF5 /* XCRemoteSwiftPackageReference "CodeScanner" */;
			productName = CodeScanner;
		};
		4BC8AF012D52A69400C66F15 /* FirebaseAnalytics */ = {
			isa = XCSwiftPackageProductDependency;
			package = 4BC8AF002D52A69400C66F15 /* XCRemoteSwiftPackageReference "firebase-ios-sdk" */;
			productName = FirebaseAnalytics;
		};
		4BC8AF032D52A69400C66F15 /* FirebaseAnalyticsOnDeviceConversion */ = {
			isa = XCSwiftPackageProductDependency;
			package = 4BC8AF002D52A69400C66F15 /* XCRemoteSwiftPackageReference "firebase-ios-sdk" */;
			productName = FirebaseAnalyticsOnDeviceConversion;
		};
		4BC8AF052D52A69400C66F15 /* FirebaseAnalyticsWithoutAdIdSupport */ = {
			isa = XCSwiftPackageProductDependency;
			package = 4BC8AF002D52A69400C66F15 /* XCRemoteSwiftPackageReference "firebase-ios-sdk" */;
			productName = FirebaseAnalyticsWithoutAdIdSupport;
		};
		4BC8AF072D52A69400C66F15 /* FirebaseAppCheck */ = {
			isa = XCSwiftPackageProductDependency;
			package = 4BC8AF002D52A69400C66F15 /* XCRemoteSwiftPackageReference "firebase-ios-sdk" */;
			productName = FirebaseAppCheck;
		};
		4BC8AF092D52A69400C66F15 /* FirebaseAppDistribution-Beta */ = {
			isa = XCSwiftPackageProductDependency;
			package = 4BC8AF002D52A69400C66F15 /* XCRemoteSwiftPackageReference "firebase-ios-sdk" */;
			productName = "FirebaseAppDistribution-Beta";
		};
		4BC8AF0B2D52A69400C66F15 /* FirebaseAuth */ = {
			isa = XCSwiftPackageProductDependency;
			package = 4BC8AF002D52A69400C66F15 /* XCRemoteSwiftPackageReference "firebase-ios-sdk" */;
			productName = FirebaseAuth;
		};
		4BC8AF0D2D52A69400C66F15 /* FirebaseAuthCombine-Community */ = {
			isa = XCSwiftPackageProductDependency;
			package = 4BC8AF002D52A69400C66F15 /* XCRemoteSwiftPackageReference "firebase-ios-sdk" */;
			productName = "FirebaseAuthCombine-Community";
		};
		4BC8AF0F2D52A69400C66F15 /* FirebaseCore */ = {
			isa = XCSwiftPackageProductDependency;
			package = 4BC8AF002D52A69400C66F15 /* XCRemoteSwiftPackageReference "firebase-ios-sdk" */;
			productName = FirebaseCore;
		};
		4BC8AF112D52A69400C66F15 /* FirebaseCrashlytics */ = {
			isa = XCSwiftPackageProductDependency;
			package = 4BC8AF002D52A69400C66F15 /* XCRemoteSwiftPackageReference "firebase-ios-sdk" */;
			productName = FirebaseCrashlytics;
		};
		4BC8AF132D52A69400C66F15 /* FirebaseDatabase */ = {
			isa = XCSwiftPackageProductDependency;
			package = 4BC8AF002D52A69400C66F15 /* XCRemoteSwiftPackageReference "firebase-ios-sdk" */;
			productName = FirebaseDatabase;
		};
		4BC8AF152D52A69400C66F15 /* FirebaseDynamicLinks */ = {
			isa = XCSwiftPackageProductDependency;
			package = 4BC8AF002D52A69400C66F15 /* XCRemoteSwiftPackageReference "firebase-ios-sdk" */;
			productName = FirebaseDynamicLinks;
		};
		4BC8AF172D52A69400C66F15 /* FirebaseFirestore */ = {
			isa = XCSwiftPackageProductDependency;
			package = 4BC8AF002D52A69400C66F15 /* XCRemoteSwiftPackageReference "firebase-ios-sdk" */;
			productName = FirebaseFirestore;
		};
		4BC8AF192D52A69400C66F15 /* FirebaseFirestoreCombine-Community */ = {
			isa = XCSwiftPackageProductDependency;
			package = 4BC8AF002D52A69400C66F15 /* XCRemoteSwiftPackageReference "firebase-ios-sdk" */;
			productName = "FirebaseFirestoreCombine-Community";
		};
		4BC8AF1B2D52A69400C66F15 /* FirebaseFunctions */ = {
			isa = XCSwiftPackageProductDependency;
			package = 4BC8AF002D52A69400C66F15 /* XCRemoteSwiftPackageReference "firebase-ios-sdk" */;
			productName = FirebaseFunctions;
		};
		4BC8AF1D2D52A69400C66F15 /* FirebaseFunctionsCombine-Community */ = {
			isa = XCSwiftPackageProductDependency;
			package = 4BC8AF002D52A69400C66F15 /* XCRemoteSwiftPackageReference "firebase-ios-sdk" */;
			productName = "FirebaseFunctionsCombine-Community";
		};
		4BC8AF1F2D52A69400C66F15 /* FirebaseInAppMessaging-Beta */ = {
			isa = XCSwiftPackageProductDependency;
			package = 4BC8AF002D52A69400C66F15 /* XCRemoteSwiftPackageReference "firebase-ios-sdk" */;
			productName = "FirebaseInAppMessaging-Beta";
		};
		4BC8AF212D52A69400C66F15 /* FirebaseInstallations */ = {
			isa = XCSwiftPackageProductDependency;
			package = 4BC8AF002D52A69400C66F15 /* XCRemoteSwiftPackageReference "firebase-ios-sdk" */;
			productName = FirebaseInstallations;
		};
		4BC8AF232D52A69400C66F15 /* FirebaseMLModelDownloader */ = {
			isa = XCSwiftPackageProductDependency;
			package = 4BC8AF002D52A69400C66F15 /* XCRemoteSwiftPackageReference "firebase-ios-sdk" */;
			productName = FirebaseMLModelDownloader;
		};
		4BC8AF252D52A69400C66F15 /* FirebaseMessaging */ = {
			isa = XCSwiftPackageProductDependency;
			package = 4BC8AF002D52A69400C66F15 /* XCRemoteSwiftPackageReference "firebase-ios-sdk" */;
			productName = FirebaseMessaging;
		};
		4BC8AF272D52A69400C66F15 /* FirebasePerformance */ = {
			isa = XCSwiftPackageProductDependency;
			package = 4BC8AF002D52A69400C66F15 /* XCRemoteSwiftPackageReference "firebase-ios-sdk" */;
			productName = FirebasePerformance;
		};
		4BC8AF292D52A69400C66F15 /* FirebaseRemoteConfig */ = {
			isa = XCSwiftPackageProductDependency;
			package = 4BC8AF002D52A69400C66F15 /* XCRemoteSwiftPackageReference "firebase-ios-sdk" */;
			productName = FirebaseRemoteConfig;
		};
		4BC8AF2B2D52A69400C66F15 /* FirebaseStorage */ = {
			isa = XCSwiftPackageProductDependency;
			package = 4BC8AF002D52A69400C66F15 /* XCRemoteSwiftPackageReference "firebase-ios-sdk" */;
			productName = FirebaseStorage;
		};
		4BC8AF2D2D52A69400C66F15 /* FirebaseStorageCombine-Community */ = {
			isa = XCSwiftPackageProductDependency;
			package = 4BC8AF002D52A69400C66F15 /* XCRemoteSwiftPackageReference "firebase-ios-sdk" */;
			productName = "FirebaseStorageCombine-Community";
		};
		4BC8AF2F2D52A69400C66F15 /* FirebaseVertexAI */ = {
			isa = XCSwiftPackageProductDependency;
			package = 4BC8AF002D52A69400C66F15 /* XCRemoteSwiftPackageReference "firebase-ios-sdk" */;
			productName = FirebaseVertexAI;
		};
/* End XCSwiftPackageProductDependency section */
	};
	rootObject = 4B1F09402D50716300C143B0 /* Project object */;
}
